PODS:
  - DATASource (6.1.5)
  - EncryptedCoreData (3.1):
    - SQLCipher (~> 3.4.0)
  - EncryptedDATAStack (7.0.3):
    - EncryptedCoreData (~> 3.1)
  - SQLCipher (3.4.0):
    - SQLCipher/standard (= 3.4.0)
  - SQLCipher/common (3.4.0)
  - SQLCipher/standard (3.4.0):
    - SQLCipher/common

DEPENDENCIES:
  - DATASource (~> 6.1.5)
  - EncryptedCoreData (from `https://github.com/project-imas/encrypted-core-data.git`)
  - EncryptedDATAStack (from `../`)

EXTERNAL SOURCES:
  EncryptedCoreData:
    :git: https://github.com/project-imas/encrypted-core-data.git
  EncryptedDATAStack:
    :path: ../

CHECKOUT OPTIONS:
  EncryptedCoreData:
    :commit: b97ffaf2f19dad4d1558bc9b0668cc2e09d17347
    :git: https://github.com/project-imas/encrypted-core-data.git

SPEC CHECKSUMS:
  DATASource: 52b86cfff6c7ac3db45192c01f7839c7473576c3
  EncryptedCoreData: f6762fb05f88a52f36c5648659abc91b57f244b4
  EncryptedDATAStack: 84897982fa1826a44a0306af5890cd786c43b4b1
  SQLCipher: 4c768761421736a247ed6cf412d9045615d53dff

PODFILE CHECKSUM: eb0fd5215d30babaff403c4078e4c632c9c0447c

COCOAPODS: 1.3.1
