PODS:
  - DATASource (7.0.2)
  - EncryptedCoreData (3.1):
    - SQLCipher (~> 3.4.0)
  - EncryptedDATAStack (8.0.0):
    - EncryptedCoreData (~> 3.1)
  - SQLCipher (3.4.0):
    - SQLCipher/standard (= 3.4.0)
  - SQLCipher/common (3.4.0)
  - SQLCipher/standard (3.4.0):
    - SQLCipher/common

DEPENDENCIES:
  - DATASource (~> 7.0.2)
  - EncryptedCoreData (from `https://github.com/project-imas/encrypted-core-data.git`)
  - EncryptedDATAStack (from `../`)

EXTERNAL SOURCES:
  EncryptedCoreData:
    :git: https://github.com/project-imas/encrypted-core-data.git
  EncryptedDATAStack:
    :path: ../

CHECKOUT OPTIONS:
  EncryptedCoreData:
    :commit: b97ffaf2f19dad4d1558bc9b0668cc2e09d17347
    :git: https://github.com/project-imas/encrypted-core-data.git

SPEC CHECKSUMS:
  DATASource: b86db74542b5b27d4d2af43ae698022f19507379
  EncryptedCoreData: f6762fb05f88a52f36c5648659abc91b57f244b4
  EncryptedDATAStack: 943692152c4f8fc14599889e3241df2b1adcda42
  SQLCipher: 4c768761421736a247ed6cf412d9045615d53dff

PODFILE CHECKSUM: 55038812cfd8a5894651392d2aa10be95b957f3b

COCOAPODS: 1.4.0
